
Microsoft Visual Studio Solution File, Format Version 12.00
# Visual Studio Version 17
VisualStudioVersion = 17.11.35312.102
MinimumVisualStudioVersion = 10.0.40219.1
Project("{FAE04EC0-301F-11D3-BF4B-00C04F79EFBC}") = "ProjectThread", "ProjectThread.csproj", "{715B4B26-CEDC-4DA0-B11F-4DC07A80032A}"
EndProject
Global
	GlobalSection(SolutionConfigurationPlatforms) = preSolution
		Debug|Any CPU = Debug|Any CPU
		Release|Any CPU = Release|Any CPU
	EndGlobalSection
	GlobalSection(ProjectConfigurationPlatforms) = postSolution
		{715B4B26-CEDC-4DA0-B11F-4DC07A80032A}.Debug|Any CPU.ActiveCfg = Debug|Any CPU
		{715B4B26-CEDC-4DA0-B11F-4DC07A80032A}.Debug|Any CPU.Build.0 = Debug|Any CPU
		{715B4B26-CEDC-4DA0-B11F-4DC07A80032A}.Release|Any CPU.ActiveCfg = Release|Any CPU
		{715B4B26-CEDC-4DA0-B11F-4DC07A80032A}.Release|Any CPU.Build.0 = Release|Any CPU
	EndGlobalSection
	GlobalSection(SolutionProperties) = preSolution
		HideSolutionNode = FALSE
	EndGlobalSection
	GlobalSection(ExtensibilityGlobals) = postSolution
		SolutionGuid = {A74B676D-A618-4709-BCC8-25C1A81350A6}
	EndGlobalSection
EndGlobal
